
Microsoft Visual Studio Solution File, Format Version 12.00
# Visual Studio Version 17
VisualStudioVersion = 17.13.35913.81 d17.13
MinimumVisualStudioVersion = 10.0.40219.1
Project("{FAE04EC0-301F-11D3-BF4B-00C04F79EFBC}") = "API", "API\API.csproj", "{4A119C83-6820-4674-9FE6-74C704FD5FC8}"
EndProject
Project("{FAE04EC0-301F-11D3-BF4B-00C04F79EFBC}") = "Application", "Application\Application.csproj", "{2459C6E4-9C01-4D7D-94AA-57932DC21FB1}"
EndProject
Project("{FAE04EC0-301F-11D3-BF4B-00C04F79EFBC}") = "Domain", "Domain\Domain.csproj", "{19CE5F5D-7BF0-4E1A-B7FF-455F8B9243F1}"
EndProject
Project("{FAE04EC0-301F-11D3-BF4B-00C04F79EFBC}") = "Infrastructure", "Infrastructure\Infrastructure.csproj", "{A5485422-21C5-4192-A328-7AFA42BC0ABD}"
EndProject
Project("{2150E333-8FDC-42A3-9474-1A3956D46DE8}") = "Solution Items", "Solution Items", "{02EA681E-C7D8-13C7-8484-4AC65E1B71E8}"
	ProjectSection(SolutionItems) = preProject
		.dockerignore = .dockerignore
		.gitignore = .gitignore
		Dockerfile = Dockerfile
	EndProjectSection
EndProject
Global
	GlobalSection(SolutionConfigurationPlatforms) = preSolution
		Debug|Any CPU = Debug|Any CPU
		Release|Any CPU = Release|Any CPU
	EndGlobalSection
	GlobalSection(ProjectConfigurationPlatforms) = postSolution
		{4A119C83-6820-4674-9FE6-74C704FD5FC8}.Debug|Any CPU.ActiveCfg = Debug|Any CPU
		{4A119C83-6820-4674-9FE6-74C704FD5FC8}.Debug|Any CPU.Build.0 = Debug|Any CPU
		{4A119C83-6820-4674-9FE6-74C704FD5FC8}.Release|Any CPU.ActiveCfg = Release|Any CPU
		{4A119C83-6820-4674-9FE6-74C704FD5FC8}.Release|Any CPU.Build.0 = Release|Any CPU
		{2459C6E4-9C01-4D7D-94AA-57932DC21FB1}.Debug|Any CPU.ActiveCfg = Debug|Any CPU
		{2459C6E4-9C01-4D7D-94AA-57932DC21FB1}.Debug|Any CPU.Build.0 = Debug|Any CPU
		{2459C6E4-9C01-4D7D-94AA-57932DC21FB1}.Release|Any CPU.ActiveCfg = Release|Any CPU
		{2459C6E4-9C01-4D7D-94AA-57932DC21FB1}.Release|Any CPU.Build.0 = Release|Any CPU
		{19CE5F5D-7BF0-4E1A-B7FF-455F8B9243F1}.Debug|Any CPU.ActiveCfg = Debug|Any CPU
		{19CE5F5D-7BF0-4E1A-B7FF-455F8B9243F1}.Debug|Any CPU.Build.0 = Debug|Any CPU
		{19CE5F5D-7BF0-4E1A-B7FF-455F8B9243F1}.Release|Any CPU.ActiveCfg = Release|Any CPU
		{19CE5F5D-7BF0-4E1A-B7FF-455F8B9243F1}.Release|Any CPU.Build.0 = Release|Any CPU
		{A5485422-21C5-4192-A328-7AFA42BC0ABD}.Debug|Any CPU.ActiveCfg = Debug|Any CPU
		{A5485422-21C5-4192-A328-7AFA42BC0ABD}.Debug|Any CPU.Build.0 = Debug|Any CPU
		{A5485422-21C5-4192-A328-7AFA42BC0ABD}.Release|Any CPU.ActiveCfg = Release|Any CPU
		{A5485422-21C5-4192-A328-7AFA42BC0ABD}.Release|Any CPU.Build.0 = Release|Any CPU
	EndGlobalSection
	GlobalSection(SolutionProperties) = preSolution
		HideSolutionNode = FALSE
	EndGlobalSection
	GlobalSection(ExtensibilityGlobals) = postSolution
		SolutionGuid = {23EE9840-DB1A-4A76-A887-DA73EF02218C}
	EndGlobalSection
EndGlobal
